
Microsoft Visual Studio Solution File, Format Version 12.00
# Visual Studio Version 17
VisualStudioVersion = 17.6.33717.318
MinimumVisualStudioVersion = 10.0.40219.1
Project("{FAE04EC0-301F-11D3-BF4B-00C04F79EFBC}") = "SportCalendar.WebApi", "SportEvent.WebApi\SportCalendar.WebApi.csproj", "{3A97BCF2-6DF7-4E7C-A0DF-B5D80F631EFF}"
EndProject
Project("{FAE04EC0-301F-11D3-BF4B-00C04F79EFBC}") = "SportCalendar.Service", "SportEvent.Service\SportCalendar.Service.csproj", "{CCF50A6E-4F31-49B9-B2F6-19433322F1FB}"
EndProject
Project("{FAE04EC0-301F-11D3-BF4B-00C04F79EFBC}") = "SportCalendar.Repository", "SportEvent.Repository\SportCalendar.Repository.csproj", "{B48B8CDC-D400-4662-ABA6-F919926FFB2F}"
EndProject
Project("{FAE04EC0-301F-11D3-BF4B-00C04F79EFBC}") = "SportCalendar.Common", "SportEvent.Common\SportCalendar.Common.csproj", "{03EC7F48-524B-4E30-91E0-25E4C59C31A7}"
EndProject
Project("{FAE04EC0-301F-11D3-BF4B-00C04F79EFBC}") = "SportCalendar.Model", "SportEvent.Model\SportCalendar.Model.csproj", "{D0AF0353-EDC7-4ACF-B9DC-F68D54CD2C65}"
EndProject
Project("{FAE04EC0-301F-11D3-BF4B-00C04F79EFBC}") = "SportCalendar.DAL", "SportEvent.DAL\SportCalendar.DAL.csproj", "{834FC2EB-8082-458D-800F-25F7799097AC}"
EndProject
Project("{FAE04EC0-301F-11D3-BF4B-00C04F79EFBC}") = "SportCalendar.ModelCommon", "SportEvent.ModelCommon\SportCalendar.ModelCommon.csproj", "{F1066800-4789-4F1A-94EF-BE18EA9737EA}"
EndProject
Project("{FAE04EC0-301F-11D3-BF4B-00C04F79EFBC}") = "SportCalendar.ServiceCommon", "SportEvent.ServiceCommon\SportCalendar.ServiceCommon.csproj", "{A72FE1DE-61C6-46B7-87FB-0C57A19112A5}"
EndProject
Project("{FAE04EC0-301F-11D3-BF4B-00C04F79EFBC}") = "SportCalendar.RepositoryCommon", "SportEvent.RepositoryCommon\SportCalendar.RepositoryCommon.csproj", "{B8B79BC1-0539-4A4D-8ACA-C3AC7DBA8D3D}"
EndProject
Global
	GlobalSection(SolutionConfigurationPlatforms) = preSolution
		Debug|Any CPU = Debug|Any CPU
		Release|Any CPU = Release|Any CPU
	EndGlobalSection
	GlobalSection(ProjectConfigurationPlatforms) = postSolution
		{3A97BCF2-6DF7-4E7C-A0DF-B5D80F631EFF}.Debug|Any CPU.ActiveCfg = Debug|Any CPU
		{3A97BCF2-6DF7-4E7C-A0DF-B5D80F631EFF}.Debug|Any CPU.Build.0 = Debug|Any CPU
		{3A97BCF2-6DF7-4E7C-A0DF-B5D80F631EFF}.Release|Any CPU.ActiveCfg = Release|Any CPU
		{3A97BCF2-6DF7-4E7C-A0DF-B5D80F631EFF}.Release|Any CPU.Build.0 = Release|Any CPU
		{CCF50A6E-4F31-49B9-B2F6-19433322F1FB}.Debug|Any CPU.ActiveCfg = Debug|Any CPU
		{CCF50A6E-4F31-49B9-B2F6-19433322F1FB}.Debug|Any CPU.Build.0 = Debug|Any CPU
		{CCF50A6E-4F31-49B9-B2F6-19433322F1FB}.Release|Any CPU.ActiveCfg = Release|Any CPU
		{CCF50A6E-4F31-49B9-B2F6-19433322F1FB}.Release|Any CPU.Build.0 = Release|Any CPU
		{B48B8CDC-D400-4662-ABA6-F919926FFB2F}.Debug|Any CPU.ActiveCfg = Debug|Any CPU
		{B48B8CDC-D400-4662-ABA6-F919926FFB2F}.Debug|Any CPU.Build.0 = Debug|Any CPU
		{B48B8CDC-D400-4662-ABA6-F919926FFB2F}.Release|Any CPU.ActiveCfg = Release|Any CPU
		{B48B8CDC-D400-4662-ABA6-F919926FFB2F}.Release|Any CPU.Build.0 = Release|Any CPU
		{03EC7F48-524B-4E30-91E0-25E4C59C31A7}.Debug|Any CPU.ActiveCfg = Debug|Any CPU
		{03EC7F48-524B-4E30-91E0-25E4C59C31A7}.Debug|Any CPU.Build.0 = Debug|Any CPU
		{03EC7F48-524B-4E30-91E0-25E4C59C31A7}.Release|Any CPU.ActiveCfg = Release|Any CPU
		{03EC7F48-524B-4E30-91E0-25E4C59C31A7}.Release|Any CPU.Build.0 = Release|Any CPU
		{D0AF0353-EDC7-4ACF-B9DC-F68D54CD2C65}.Debug|Any CPU.ActiveCfg = Debug|Any CPU
		{D0AF0353-EDC7-4ACF-B9DC-F68D54CD2C65}.Debug|Any CPU.Build.0 = Debug|Any CPU
		{D0AF0353-EDC7-4ACF-B9DC-F68D54CD2C65}.Release|Any CPU.ActiveCfg = Release|Any CPU
		{D0AF0353-EDC7-4ACF-B9DC-F68D54CD2C65}.Release|Any CPU.Build.0 = Release|Any CPU
		{834FC2EB-8082-458D-800F-25F7799097AC}.Debug|Any CPU.ActiveCfg = Debug|Any CPU
		{834FC2EB-8082-458D-800F-25F7799097AC}.Debug|Any CPU.Build.0 = Debug|Any CPU
		{834FC2EB-8082-458D-800F-25F7799097AC}.Release|Any CPU.ActiveCfg = Release|Any CPU
		{834FC2EB-8082-458D-800F-25F7799097AC}.Release|Any CPU.Build.0 = Release|Any CPU
		{F1066800-4789-4F1A-94EF-BE18EA9737EA}.Debug|Any CPU.ActiveCfg = Debug|Any CPU
		{F1066800-4789-4F1A-94EF-BE18EA9737EA}.Debug|Any CPU.Build.0 = Debug|Any CPU
		{F1066800-4789-4F1A-94EF-BE18EA9737EA}.Release|Any CPU.ActiveCfg = Release|Any CPU
		{F1066800-4789-4F1A-94EF-BE18EA9737EA}.Release|Any CPU.Build.0 = Release|Any CPU
		{A72FE1DE-61C6-46B7-87FB-0C57A19112A5}.Debug|Any CPU.ActiveCfg = Debug|Any CPU
		{A72FE1DE-61C6-46B7-87FB-0C57A19112A5}.Debug|Any CPU.Build.0 = Debug|Any CPU
		{A72FE1DE-61C6-46B7-87FB-0C57A19112A5}.Release|Any CPU.ActiveCfg = Release|Any CPU
		{A72FE1DE-61C6-46B7-87FB-0C57A19112A5}.Release|Any CPU.Build.0 = Release|Any CPU
		{B8B79BC1-0539-4A4D-8ACA-C3AC7DBA8D3D}.Debug|Any CPU.ActiveCfg = Debug|Any CPU
		{B8B79BC1-0539-4A4D-8ACA-C3AC7DBA8D3D}.Debug|Any CPU.Build.0 = Debug|Any CPU
		{B8B79BC1-0539-4A4D-8ACA-C3AC7DBA8D3D}.Release|Any CPU.ActiveCfg = Release|Any CPU
		{B8B79BC1-0539-4A4D-8ACA-C3AC7DBA8D3D}.Release|Any CPU.Build.0 = Release|Any CPU
	EndGlobalSection
	GlobalSection(SolutionProperties) = preSolution
		HideSolutionNode = FALSE
	EndGlobalSection
	GlobalSection(ExtensibilityGlobals) = postSolution
		SolutionGuid = {4F050C5B-2C03-42CA-8B00-8B72B9F4A139}
	EndGlobalSection
EndGlobal
